lockfileVersion: '9.0'

settings:
  autoInstallPeers: true
  excludeLinksFromLockfile: false

importers:

  .:
    dependencies:
      '@xai-official/grok':
        specifier: 1.0.31
        version: 1.0.31

packages:

  '@iarna/toml@3.0.0':
    resolution: {integrity: sha512-td6ZUkz2oS3VeleBcN+m//Q6HlCFCPrnI0FZhrt/h4XqLEdOyYp2u21nd8MdsR+WJy5r9PTDaHTDDfhf4H4l6Q==}

  '@xai-official/grok-darwin-arm64@1.0.31':
    resolution: {integrity: sha512-V9Q2NyScfF0svztMeCbNCDBAYQxLARJTNyrXzpxxp00he6WORYHMHfQt6Lh0XztPPDfkPzUnHXNm0Cf9Tc3++A==}
    cpu: [arm64]
    os: [darwin]

  '@xai-official/grok-darwin-x64@1.0.31':
    resolution: {integrity: sha512-xjHfck3v9rsm1VYfk+wyM4CSoLQq1qAS0Go+FKdFwjJiW478A8uX1L1oEYML6hpCOVUw5pnxfCNiLuVKHu58NQ==}
    cpu: [x64]
    os: [darwin]

  '@xai-official/grok-linux-arm64@1.0.31':
    resolution: {integrity: sha512-eu1wKbJQqBMx7jTHl708IEmIxybnKMNLb+N42VMQNloVS2SCzKF7DaXPTIOaTjZfgpGsxJUfz6+zFKz4X3S9Kg==}
    cpu: [arm64]
    os: [linux]

  '@xai-official/grok-linux-x64@1.0.31':
    resolution: {integrity: sha512-VaTURGQFa7lry+MDo4j6liRa9WwF/MmcVFy9xREwoNxCnc+oyAGpOMxhTfuwemaUUHNmDi7781xcofQde9ykUw==}
    cpu: [x64]
    os: [linux]

  '@xai-official/grok-win32-arm64@1.0.31':
    resolution: {integrity: sha512-twG2XITziX57YKWId4jSBLEgi372cmSfESHXUO0WglC7Lbv0Vsrhq1TIb2znNjJcPKZFJkpQHzMDadXtV1SlMw==}
    cpu: [arm64]
    os: [win32]

  '@xai-official/grok-win32-x64@1.0.31':
    resolution: {integrity: sha512-3SgrXleyssbKdcTO1xKfT/aHvN4SKep+2Y985AgD5fM1zDgP9EadYAL8lX5yWDGbh3Ik2nS0aeSLMSji19Z4bw==}
    cpu: [x64]
    os: [win32]

  '@xai-official/grok@1.0.31':
    resolution: {integrity: sha512-oci5Kstm0qTohZ+N4qYwsf3M4PsU2nINmQAkz8GPNJL9CjOJwPBWX9EOMcUB6G8/yF00/3v8qlb68zMmnVVoVg==}
    engines: {node: '>=20'}
    cpu: [arm64, x64]
    os: [darwin, linux, win32]
    hasBin: true

snapshots:

  '@iarna/toml@3.0.0': {}

  '@xai-official/grok-darwin-arm64@1.0.31':
    optional: true

  '@xai-official/grok-darwin-x64@1.0.31':
    optional: true

  '@xai-official/grok-linux-arm64@1.0.31':
    optional: true

  '@xai-official/grok-linux-x64@1.0.31':
    optional: true

  '@xai-official/grok-win32-arm64@1.0.31':
    optional: true

  '@xai-official/grok-win32-x64@1.0.31':
    optional: true

  '@xai-official/grok@1.0.31':
    dependencies:
      '@iarna/toml': 3.0.0
    optionalDependencies:
      '@xai-official/grok-darwin-arm64': 1.0.31
      '@xai-official/grok-darwin-x64': 1.0.31
      '@xai-official/grok-linux-arm64': 1.0.31
      '@xai-official/grok-linux-x64': 1.0.31
      '@xai-official/grok-win32-arm64': 1.0.31
      '@xai-official/grok-win32-x64': 1.0.31
