lockfile_version: '1'
generated_at: '2026-06-17T05:49:46.310045+00:00'
apm_version: 0.18.0
dependencies:
- repo_url: GoogleChrome/modern-web-guidance
  host: github.com
  resolved_commit: 18c2f84274f959df2b31b919c4b16a2cc65e82e1
  virtual_path: skills/modern-web-guidance
  is_virtual: true
  package_type: claude_skill
  deployed_files:
  - .agents/skills/modern-web-guidance
  content_hash: sha256:6d5177c625ee67de1755aa96e473cc722abf95c26e2d1227ee5e1ee80035896e
- repo_url: anthropics/skills
  host: github.com
  resolved_commit: 57546260929473d4e0d1c1bb75297be2fdfa1949
  virtual_path: skills/frontend-design
  is_virtual: true
  package_type: claude_skill
  deployed_files:
  - .agents/skills/frontend-design
  content_hash: sha256:4eabc66183767153e404b39d1b839b1c37f2d82d86f0a0d7e880a579d8d62336
- repo_url: anthropics/skills
  host: github.com
  resolved_commit: 57546260929473d4e0d1c1bb75297be2fdfa1949
  virtual_path: skills/skill-creator
  is_virtual: true
  package_type: claude_skill
  deployed_files:
  - .agents/skills/skill-creator
  content_hash: sha256:b2bfe91d69ca99994c0566baede889e7d2b9bb8791c6b6106c5d387392f717f6
- repo_url: dominikmartn/nothing-design-skill
  host: github.com
  resolved_commit: 74affbb786af098b18503467b205c10a7df30126
  virtual_path: nothing-design
  is_virtual: true
  package_type: claude_skill
  deployed_files:
  - .agents/skills/nothing-design
  content_hash: sha256:bd835bf84356f346fe0adffe9b388bd45eb77eb2b50d83defde371e1d4861b34
- repo_url: emilkowalski/skill
  host: github.com
  resolved_commit: ecf66bbd1fb33c25332b6b0e454d08049978284c
  virtual_path: skills/emil-design-eng
  is_virtual: true
  package_type: claude_skill
  deployed_files:
  - .agents/skills/emil-design-eng
  content_hash: sha256:8bdf9e4e6de7a4969147bf4828a4ad2c5aacd9fba4b690b250a85e0467ca387d
- repo_url: moonbitlang/skills
  host: github.com
  resolved_commit: c3f061da2abf7c6914e06df93572858dd21ef6bc
  virtual_path: skills/moonbit-agent-guide
  is_virtual: true
  package_type: claude_skill
  deployed_files:
  - .agents/skills/moonbit-agent-guide
  content_hash: sha256:e134b3d874181787abdb59ff012f1eee71a537997305582e488bc979b5ff7294
- repo_url: openai/skills
  host: github.com
  resolved_commit: a8924c2a35cfa290458852c4fad17c9133054c2e
  virtual_path: skills/.curated/gh-address-comments
  is_virtual: true
  package_type: claude_skill
  deployed_files:
  - .agents/skills/gh-address-comments
  content_hash: sha256:068d34fb59cb97a39aea3de1708877b6a01210d02fa7eda5e74fc8277ed52916
- repo_url: openai/skills
  host: github.com
  resolved_commit: a8924c2a35cfa290458852c4fad17c9133054c2e
  virtual_path: skills/.curated/gh-fix-ci
  is_virtual: true
  package_type: claude_skill
  deployed_files:
  - .agents/skills/gh-fix-ci
  content_hash: sha256:02b4d97e4bd91e342e3ec3efa06b7871097d6a64e8398f4ed5b69c64d8d902fb
- repo_url: openclaw/acpx
  host: github.com
  resolved_commit: abbb96819e80ee0ee77b6a10e563020e1d4980e0
  virtual_path: skills/acpx
  is_virtual: true
  package_type: claude_skill
  deployed_files:
  - .agents/skills/acpx
  content_hash: sha256:16fdcc48b17017539b04bcd92c0ade9ccdee54c5df87901b5f562b197cb6877d
- repo_url: vercel-labs/agent-browser
  host: github.com
  resolved_commit: 6323df571ffd17d14e60ec19fcb56cc1caf498ab
  virtual_path: skills/agent-browser
  is_virtual: true
  package_type: claude_skill
  deployed_files:
  - .agents/skills/agent-browser
  content_hash: sha256:edad4d958bc4baf821e3391bb9889a03a8bbc0e4d7f54ee4a5f30837654fed83
- repo_url: vercel-labs/agent-skills
  host: github.com
  resolved_commit: f8a72b9603728bb92a217a879b7e62e43ad76c81
  virtual_path: skills/web-design-guidelines
  is_virtual: true
  package_type: claude_skill
  deployed_files:
  - .agents/skills/web-design-guidelines
  content_hash: sha256:a6a44d5498f7e8f68289902f3dedfc6f38ae0cee1e96527c80724cf27f727c2a
- repo_url: vercel-labs/skills
  host: github.com
  resolved_commit: be0dd25b4a8665894a56f45ef582cc02ca802c39
  virtual_path: skills/find-skills
  is_virtual: true
  package_type: claude_skill
  deployed_files:
  - .agents/skills/find-skills
  content_hash: sha256:d31e234f0c90694a670222cdd1dafa853e051d7066beda389f1097c22dadd461
- repo_url: vuejs-ai/skills
  host: github.com
  resolved_commit: c9d355ff23f654309dd02006be671859df0a134c
  virtual_path: skills/vue-best-practices
  is_virtual: true
  package_type: claude_skill
  deployed_files:
  - .agents/skills/vue-best-practices
  content_hash: sha256:90980085ec288dd0a3326fc09af639a5e88cff74c15c77db84398fd42797a770
local_deployed_files:
- .agents/skills/article-review
- .agents/skills/askmeplan
- .agents/skills/ast-grep
- .agents/skills/empirical-prompt-tuning
- .agents/skills/golang-best-practices
- .agents/skills/refactoring-code
- .agents/skills/self-ship
- .agents/skills/typescript-best-practices
- .agents/skills/typescript-recommend-tools
