lockfileVersion: '9.0'

settings:
  autoInstallPeers: true
  excludeLinksFromLockfile: false

importers:

  .:
    dependencies:
      '@xai-official/grok':
        specifier: 1.0.46
        version: 1.0.46

packages:

  '@iarna/toml@3.0.0':
    resolution: {integrity: sha512-td6ZUkz2oS3VeleBcN+m//Q6HlCFCPrnI0FZhrt/h4XqLEdOyYp2u21nd8MdsR+WJy5r9PTDaHTDDfhf4H4l6Q==}

  '@xai-official/grok-darwin-arm64@1.0.46':
    resolution: {integrity: sha512-u/JdKgd6Ef1PSmaMbdV32vFc3ISLI/NE7h9rbaYj+iic7oAn0q1uHo8Ijdm5Ztg8gYwTuhRBZsMnHJr5zcKEXA==}
    cpu: [arm64]
    os: [darwin]

  '@xai-official/grok-darwin-x64@1.0.46':
    resolution: {integrity: sha512-jDXQq9sjZyS21llucXKhqkyKPhxZePsbPoa8rcblDMHD3kMmDgkHLX4uHNLlYVf2PqF4s3TLrGeM9VBmpZA96g==}
    cpu: [x64]
    os: [darwin]

  '@xai-official/grok-linux-arm64@1.0.46':
    resolution: {integrity: sha512-dFSb8PffyHfGHcwGc7xpVWE/GIzDJgg3RLh6aw3mWpvbhSzVDQh5LHRMQ9USdd9SAARuWkIBsg6P7UoeQVJBWw==}
    cpu: [arm64]
    os: [linux]

  '@xai-official/grok-linux-x64@1.0.46':
    resolution: {integrity: sha512-a9HSDEiXmCFW1sou2xYBZAM1jCDALWU2aNacmsFHztI6kukb8akdI0SlTI43q2uULHzNQlwhrI7GkPcraxM6bQ==}
    cpu: [x64]
    os: [linux]

  '@xai-official/grok-win32-arm64@1.0.46':
    resolution: {integrity: sha512-0KY6ts6OSAHklYTwPgZurrIC3J7YW1PT+kfmWBCWVkb1HPqMFAC1WZZl4JBoN5zpuHAsxGcIrBpQHrqaWAd5jA==}
    cpu: [arm64]
    os: [win32]

  '@xai-official/grok-win32-x64@1.0.46':
    resolution: {integrity: sha512-4AK7HonVDiASLtvskbOQ65IIhTbnLNPT+oUBpqk9T6LegvMIJGy0YoGM3iP8FxlWQWoP2Vax7Fb2IaYM9DxT8w==}
    cpu: [x64]
    os: [win32]

  '@xai-official/grok@1.0.46':
    resolution: {integrity: sha512-qXO4myJFAQCIZNjMJWAaJ0TTUgi2WrQpnYYtrdd9hQ8TYezPH0slSHBYgxqedlwgcHVdqBiiDXULHkIdBDzkyQ==}
    engines: {node: '>=20'}
    cpu: [arm64, x64]
    os: [darwin, linux, win32]
    hasBin: true

snapshots:

  '@iarna/toml@3.0.0': {}

  '@xai-official/grok-darwin-arm64@1.0.46':
    optional: true

  '@xai-official/grok-darwin-x64@1.0.46':
    optional: true

  '@xai-official/grok-linux-arm64@1.0.46':
    optional: true

  '@xai-official/grok-linux-x64@1.0.46':
    optional: true

  '@xai-official/grok-win32-arm64@1.0.46':
    optional: true

  '@xai-official/grok-win32-x64@1.0.46':
    optional: true

  '@xai-official/grok@1.0.46':
    dependencies:
      '@iarna/toml': 3.0.0
    optionalDependencies:
      '@xai-official/grok-darwin-arm64': 1.0.46
      '@xai-official/grok-darwin-x64': 1.0.46
      '@xai-official/grok-linux-arm64': 1.0.46
      '@xai-official/grok-linux-x64': 1.0.46
      '@xai-official/grok-win32-arm64': 1.0.46
      '@xai-official/grok-win32-x64': 1.0.46
