lockfileVersion: '9.0'

settings:
  autoInstallPeers: true
  excludeLinksFromLockfile: false

importers:

  .:
    dependencies:
      '@xai-official/grok':
        specifier: 1.0.45
        version: 1.0.45

packages:

  '@iarna/toml@3.0.0':
    resolution: {integrity: sha512-td6ZUkz2oS3VeleBcN+m//Q6HlCFCPrnI0FZhrt/h4XqLEdOyYp2u21nd8MdsR+WJy5r9PTDaHTDDfhf4H4l6Q==}

  '@xai-official/grok-darwin-arm64@1.0.45':
    resolution: {integrity: sha512-FN5M1J2M2q8ETKaTmXrOfmvvXgGwAC/t/UpzuXrMGwZh9ZyeEhB4NWHueWQkSJ/Pf0GPaPgvY4YNQPD7gm2Lfg==}
    cpu: [arm64]
    os: [darwin]

  '@xai-official/grok-darwin-x64@1.0.45':
    resolution: {integrity: sha512-0UeqVsJvOTqnbmZzxCWL///B7En5icoSQ03Kr+jIFUH/vJx6GC1B+9fVsmAeD+g2wP3oGQBAFPLO03+PJy3lqA==}
    cpu: [x64]
    os: [darwin]

  '@xai-official/grok-linux-arm64@1.0.45':
    resolution: {integrity: sha512-haZ3j+3Fs1bwjrmipx9Dgu/F/Du9i8GUEBpbWmmxzXlLi311enNt5pNN7/mhbSQ955eWLXeX3800Q7fP1nOsJA==}
    cpu: [arm64]
    os: [linux]

  '@xai-official/grok-linux-x64@1.0.45':
    resolution: {integrity: sha512-52z5ucMAljBdDQnsQ+yPSCL1IxS6/9pU7z40bjk8FPjPuwSqFYCj6VjQeG7bUvQ8scewsY6QFrJUSaYD9VQ7kg==}
    cpu: [x64]
    os: [linux]

  '@xai-official/grok-win32-arm64@1.0.45':
    resolution: {integrity: sha512-kvFllThWQ18RsduGCqHWtPXI3MhqsQg2fK3a9qUKR/cdziK8fT0/Ysa7kTtAf6+dEgpA5pwIcQzQzqPwSpEquA==}
    cpu: [arm64]
    os: [win32]

  '@xai-official/grok-win32-x64@1.0.45':
    resolution: {integrity: sha512-pYSmRzIuWTocgNtyDIvHyxWMynATMZNy5nal8VeH65qNFtMQ6WNffa6qhhGMzTIIfarSA70sAiwWalFOmiSYsQ==}
    cpu: [x64]
    os: [win32]

  '@xai-official/grok@1.0.45':
    resolution: {integrity: sha512-hglVvSsqhO1YJUQtOtJcbJB66AWWkAH9OBsH9Rlm9sv8E8ct1YH9vVoxTl2IQSThNfxyE4cnWmHPNcncIp7HGw==}
    engines: {node: '>=20'}
    cpu: [arm64, x64]
    os: [darwin, linux, win32]
    hasBin: true

snapshots:

  '@iarna/toml@3.0.0': {}

  '@xai-official/grok-darwin-arm64@1.0.45':
    optional: true

  '@xai-official/grok-darwin-x64@1.0.45':
    optional: true

  '@xai-official/grok-linux-arm64@1.0.45':
    optional: true

  '@xai-official/grok-linux-x64@1.0.45':
    optional: true

  '@xai-official/grok-win32-arm64@1.0.45':
    optional: true

  '@xai-official/grok-win32-x64@1.0.45':
    optional: true

  '@xai-official/grok@1.0.45':
    dependencies:
      '@iarna/toml': 3.0.0
    optionalDependencies:
      '@xai-official/grok-darwin-arm64': 1.0.45
      '@xai-official/grok-darwin-x64': 1.0.45
      '@xai-official/grok-linux-arm64': 1.0.45
      '@xai-official/grok-linux-x64': 1.0.45
      '@xai-official/grok-win32-arm64': 1.0.45
      '@xai-official/grok-win32-x64': 1.0.45
