lockfileVersion: '9.0'

settings:
  autoInstallPeers: true
  excludeLinksFromLockfile: false

importers:

  .:
    dependencies:
      '@xai-official/grok':
        specifier: 1.0.49
        version: 1.0.49

packages:

  '@iarna/toml@3.0.0':
    resolution: {integrity: sha512-td6ZUkz2oS3VeleBcN+m//Q6HlCFCPrnI0FZhrt/h4XqLEdOyYp2u21nd8MdsR+WJy5r9PTDaHTDDfhf4H4l6Q==}

  '@xai-official/grok-darwin-arm64@1.0.49':
    resolution: {integrity: sha512-6Ng+mNhbEBHYgK3phrIUT3+Myr9Lu9oEHWNvBb579N2tw9VGxKStPhV8uA0J4CPU1qZ/1ctsAvU7M73Gk1DrKw==}
    cpu: [arm64]
    os: [darwin]

  '@xai-official/grok-darwin-x64@1.0.49':
    resolution: {integrity: sha512-gZZe0ahGsYmoasd9EUJJJdlrmlkdKceUquILOlT+IUriy82MukHFtldvIsySh3/eNa5ouBl+dHfLmyVFFAB6+Q==}
    cpu: [x64]
    os: [darwin]

  '@xai-official/grok-linux-arm64@1.0.49':
    resolution: {integrity: sha512-HbX2fliGwr5y40Yug/zmOHO8qK0q9QSQqIyINmLzGWuR+UHnILue38ExMJDz5SqHsoDT7ECKMUE5GVUc8vsSiA==}
    cpu: [arm64]
    os: [linux]

  '@xai-official/grok-linux-x64@1.0.49':
    resolution: {integrity: sha512-49I9NutgxQpME8bSeEWXuLP3cr5A5oCxch4PfQaXV6sO+N9Tc0QtI5aU5Y3zV2m2XMOvmIwW9/D4YgEtPksnqw==}
    cpu: [x64]
    os: [linux]

  '@xai-official/grok-win32-arm64@1.0.49':
    resolution: {integrity: sha512-QZ4fxnY32d3geUdNcpw8MCogo6PCa4lY50sy73Of+yTNQ8amTZZFe1v2OKjWUD+USfemGMH8E7A3aUEizhkXGA==}
    cpu: [arm64]
    os: [win32]

  '@xai-official/grok-win32-x64@1.0.49':
    resolution: {integrity: sha512-F4gS/uxw/GMY20DnJNGXN+UXsVo9NWOPON3dyjaYDgfUfqpQ9iZ5JzFlVIyAK6J9XvV0ekbETOn4J4sxBx4o/g==}
    cpu: [x64]
    os: [win32]

  '@xai-official/grok@1.0.49':
    resolution: {integrity: sha512-vvrgCWsAPlDwl5MdkbC8fjwOOPje32wdbvV10tclIByYqHmvR0iPweNcd3/jCJBhi+BftL7N8fBeC2WfpoV8uA==}
    engines: {node: '>=20'}
    cpu: [arm64, x64]
    os: [darwin, linux, win32]
    hasBin: true

snapshots:

  '@iarna/toml@3.0.0': {}

  '@xai-official/grok-darwin-arm64@1.0.49':
    optional: true

  '@xai-official/grok-darwin-x64@1.0.49':
    optional: true

  '@xai-official/grok-linux-arm64@1.0.49':
    optional: true

  '@xai-official/grok-linux-x64@1.0.49':
    optional: true

  '@xai-official/grok-win32-arm64@1.0.49':
    optional: true

  '@xai-official/grok-win32-x64@1.0.49':
    optional: true

  '@xai-official/grok@1.0.49':
    dependencies:
      '@iarna/toml': 3.0.0
    optionalDependencies:
      '@xai-official/grok-darwin-arm64': 1.0.49
      '@xai-official/grok-darwin-x64': 1.0.49
      '@xai-official/grok-linux-arm64': 1.0.49
      '@xai-official/grok-linux-x64': 1.0.49
      '@xai-official/grok-win32-arm64': 1.0.49
      '@xai-official/grok-win32-x64': 1.0.49
