[[tools."aqua:micro-editor/micro"]]
version = "2.0.15"
backend = "aqua:micro-editor/micro"

[[tools."aqua:ogham/exa"]]
version = "0.10.1"
backend = "aqua:ogham/exa"

[[tools."aqua:rossmacarthur/sheldon"]]
version = "0.8.5"
backend = "aqua:rossmacarthur/sheldon"
"platforms.linux-x64" = { checksum = "sha256:80aa0be617072c278d67fd6c5fbce4903d3801d78b6abf8f058f0648d2242c78", url = "https://github.com/rossmacarthur/sheldon/releases/download/0.8.5/sheldon-0.8.5-x86_64-unknown-linux-musl.tar.gz"}

[[tools.bat]]
version = "0.26.1"
backend = "aqua:sharkdp/bat"

[[tools.bun]]
version = "1.3.9"
backend = "core:bun"

[[tools.claude]]
version = "2.1.45"
backend = "aqua:anthropics/claude-code"
"platforms.linux-x64" = { checksum = "blake3:a1f8c12ff5774d997cf27b3cf76ac1e0db077f97c41f9cf0541331cbdbd5e316", url = "https://storage.googleapis.com/claude-code-dist-86c565f3-f756-42ad-8dfa-d59b1c096819/claude-code-releases/2.1.45/linux-x64/claude"}

[[tools."conda:ffmpeg"]]
version = "8.0.1"
backend = "conda:ffmpeg"

[[tools.delta]]
version = "0.18.2"
backend = "aqua:dandavison/delta"

[[tools.deno]]
version = "2.6.10"
backend = "core:deno"
"platforms.linux-x64" = { checksum = "blake3:e30d9d185ba85d894b1600c53117e5cb4cb5ad81d9b395d40658120f847c4bd9"}

[[tools.fd]]
version = "10.3.0"
backend = "aqua:sharkdp/fd"

[[tools.fzf]]
version = "0.67.0"
backend = "aqua:junegunn/fzf"

[[tools.gh]]
version = "2.86.0"
backend = "aqua:cli/cli"

[[tools.ghq]]
version = "1.9.4"
backend = "aqua:x-motemen/ghq"

[[tools."github:steipete/gogcli"]]
version = "0.11.0"
backend = "github:steipete/gogcli"
"platforms.linux-x64" = { checksum = "sha256:ca98ba56e29ccd3713fe7bf835fdca00ae1b97cdcb7b0bc5e393e7edb4089c84", url = "https://github.com/steipete/gogcli/releases/download/v0.11.0/gogcli_0.11.0_linux_amd64.tar.gz", url_api = "https://api.github.com/repos/steipete/gogcli/releases/assets/356112477"}

[[tools.imagemagick]]
version = "7.1.2_13"
backend = "conda:imagemagick"

[[tools.jq]]
version = "1.8.1"
backend = "aqua:jqlang/jq"

[[tools.lazygit]]
version = "0.59.0"
backend = "aqua:jesseduffield/lazygit"

[[tools.ni]]
version = "28.2.0"
backend = "npm:@antfu/ni"

[[tools.node]]
version = "24.13.1"
backend = "core:node"

[[tools.opencode]]
version = "1.2.6"
backend = "aqua:anomalyco/opencode"

[[tools.pnpm]]
version = "10.30.0"
backend = "aqua:pnpm/pnpm"
"platforms.linux-x64" = { checksum = "sha256:78d83aa009dc7e8d18faf5ea87e8cafed9601245f23757f00c3582284f54f793", url = "https://github.com/pnpm/pnpm/releases/download/v10.30.0/pnpm-linux-x64"}

[[tools.python]]
version = "3.14.3"
backend = "core:python"

[[tools.resvg]]
version = "0.47.0"
backend = "aqua:linebender/resvg"

[[tools.ripgrep]]
version = "15.1.0"
backend = "aqua:BurntSushi/ripgrep"

[[tools.rust]]
version = "1.93.1"
backend = "core:rust"

[[tools.starship]]
version = "1.24.2"
backend = "aqua:starship/starship"

[[tools.tmux]]
version = "3.6a"
backend = "github:tmux/tmux-builds"

[[tools.uv]]
version = "0.10.4"
backend = "aqua:astral-sh/uv"
"platforms.linux-x64" = { checksum = "sha256:18adf097cea30a165ba086c1e72659fec3c5aca056a560e7c39e0164ac871196", url = "https://github.com/astral-sh/uv/releases/download/0.10.4/uv-x86_64-unknown-linux-musl.tar.gz"}

[[tools.yazi]]
version = "26.1.22"
backend = "aqua:sxyazi/yazi"

[[tools.zoxide]]
version = "0.9.9"
backend = "aqua:ajeetdsouza/zoxide"
