[conda-packages.linux-x64."linux-64/_openmp_mutex-4.5-3_kmp_llvm"]
url = "https://api.anaconda.org/download/conda-forge/_openmp_mutex/4.5/linux-64/_openmp_mutex-4.5-3_kmp_llvm.conda"
checksum = "sha256:cec7343e76c9da6a42c7e7cba53391daa6b46155054ef61a5ef522ea27c5a058"

[conda-packages.linux-x64."linux-64/adwaita-icon-theme-41.0-ha770c72_0"]
url = "https://api.anaconda.org/download/conda-forge/adwaita-icon-theme/41.0/linux-64/adwaita-icon-theme-41.0-ha770c72_0.tar.bz2"

[conda-packages.linux-x64."linux-64/aom-3.9.1-hac33072_0"]
url = "https://api.anaconda.org/download/conda-forge/aom/3.9.1/linux-64/aom-3.9.1-hac33072_0.conda"
checksum = "sha256:b08ef033817b5f9f76ce62dfcac7694e7b6b4006420372de22494503decac855"

[conda-packages.linux-x64."linux-64/at-spi2-atk-2.38.0-h1369247_0"]
url = "https://api.anaconda.org/download/conda-forge/at-spi2-atk/2.38.0/linux-64/at-spi2-atk-2.38.0-h1369247_0.tar.bz2"

[conda-packages.linux-x64."linux-64/at-spi2-core-2.36.1-h1369247_0"]
url = "https://api.anaconda.org/download/conda-forge/at-spi2-core/2.36.1/linux-64/at-spi2-core-2.36.1-h1369247_0.tar.bz2"

[conda-packages.linux-x64."linux-64/atk-1.0-2.38.0-h04ea711_2"]
url = "https://api.anaconda.org/download/conda-forge/atk-1.0/2.38.0/linux-64/atk-1.0-2.38.0-h04ea711_2.conda"
checksum = "sha256:df682395d05050cd1222740a42a551281210726a67447e5258968dd55854302e"

[conda-packages.linux-x64."linux-64/bzip2-1.0.8-hd590300_5"]
url = "https://api.anaconda.org/download/conda-forge/bzip2/1.0.8/linux-64/bzip2-1.0.8-hd590300_5.conda"
checksum = "sha256:242c0c324507ee172c0e0dd2045814e746bb303d1eb78870d182ceb0abc726a8"

[conda-packages.linux-x64."linux-64/ca-certificates-2025.1.31-hbcca054_0"]
url = "https://api.anaconda.org/download/conda-forge/ca-certificates/2025.1.31/linux-64/ca-certificates-2025.1.31-hbcca054_0.conda"
checksum = "sha256:bf832198976d559ab44d6cdb315642655547e26d826e34da67cbee6624cda189"

[conda-packages.linux-x64."linux-64/cairo-1.18.4-h3394656_0"]
url = "https://api.anaconda.org/download/conda-forge/cairo/1.18.4/linux-64/cairo-1.18.4-h3394656_0.conda"
checksum = "sha256:3bd6a391ad60e471de76c0e9db34986c4b5058587fbf2efa5a7f54645e28c2c7"

[conda-packages.linux-x64."linux-64/dav1d-1.2.1-hd590300_0"]
url = "https://api.anaconda.org/download/conda-forge/dav1d/1.2.1/linux-64/dav1d-1.2.1-hd590300_0.conda"
checksum = "sha256:22053a5842ca8ee1cf8e1a817138cdb5e647eb2c46979f84153f6ad7bde73020"

[conda-packages.linux-x64."linux-64/dbus-1.16.2-h3c4dab8_0"]
url = "https://api.anaconda.org/download/conda-forge/dbus/1.16.2/linux-64/dbus-1.16.2-h3c4dab8_0.conda"
checksum = "sha256:3b988146a50e165f0fa4e839545c679af88e4782ec284cc7b6d07dd226d6a068"

[conda-packages.linux-x64."linux-64/epoxy-1.5.10-hb03c661_2"]
url = "https://api.anaconda.org/download/conda-forge/epoxy/1.5.10/linux-64/epoxy-1.5.10-hb03c661_2.conda"
checksum = "sha256:a5b51e491fec22bcc1765f5b2c8fff8a97428e9a5a7ee6730095fb9d091b0747"

[conda-packages.linux-x64."linux-64/expat-2.7.4-hecca717_0"]
url = "https://api.anaconda.org/download/conda-forge/expat/2.7.4/linux-64/expat-2.7.4-hecca717_0.conda"
checksum = "sha256:0cc345e4dead417996ce9a1f088b28d858f03d113d43c1963d29194366dcce27"

[conda-packages.linux-x64."linux-64/fftw-3.3.10-nompi_hf0379b8_106"]
url = "https://api.anaconda.org/download/conda-forge/fftw/3.3.10/linux-64/fftw-3.3.10-nompi_hf0379b8_106.conda"
checksum = "sha256:8b735848df623fab555a6d7fc400636116d6ed5686ae0e50adb7df4c1c3a9cef"

[conda-packages.linux-x64."linux-64/fontconfig-2.17.1-h27c8c51_0"]
url = "https://api.anaconda.org/download/conda-forge/fontconfig/2.17.1/linux-64/fontconfig-2.17.1-h27c8c51_0.conda"
checksum = "sha256:aa4a44dba97151221100a637c7f4bde619567afade9c0265f8e1c8eed8d7bd8c"

[conda-packages.linux-x64."linux-64/freetype-2.14.1-ha770c72_0"]
url = "https://api.anaconda.org/download/conda-forge/freetype/2.14.1/linux-64/freetype-2.14.1-ha770c72_0.conda"
checksum = "sha256:bf8e4dffe46f7d25dc06f31038cacb01672c47b9f45201f065b0f4d00ab0a83e"

[conda-packages.linux-x64."linux-64/fribidi-1.0.16-hb03c661_0"]
url = "https://api.anaconda.org/download/conda-forge/fribidi/1.0.16/linux-64/fribidi-1.0.16-hb03c661_0.conda"
checksum = "sha256:858283ff33d4c033f4971bf440cebff217d5552a5222ba994c49be990dacd40d"

[conda-packages.linux-x64."linux-64/gdk-pixbuf-2.44.5-h2b0a6b4_0"]
url = "https://api.anaconda.org/download/conda-forge/gdk-pixbuf/2.44.5/linux-64/gdk-pixbuf-2.44.5-h2b0a6b4_0.conda"
checksum = "sha256:bd61bc71e6a21f3d8e1a362310789fc329fd45eab3c66f1204249253f9abd3d0"

[conda-packages.linux-x64."linux-64/gettext-0.25.1-h5888daf_0"]
url = "https://api.anaconda.org/download/conda-forge/gettext/0.25.1/linux-64/gettext-0.25.1-h5888daf_0.conda"
checksum = "sha256:215a1eeafc8b94071c2eda40a580f9076d30d69d63f81340edd1ead156bbe85d"

[conda-packages.linux-x64."linux-64/gettext-tools-0.25.1-h5888daf_0"]
url = "https://api.anaconda.org/download/conda-forge/gettext-tools/0.25.1/linux-64/gettext-tools-0.25.1-h5888daf_0.conda"
checksum = "sha256:f6b9202b3c48632e61c9556410d3ea2bc72b5f4bc1ed7079467ee1fed799640a"

[conda-packages.linux-x64."linux-64/ghostscript-10.06.0-hecca717_0"]
url = "https://api.anaconda.org/download/conda-forge/ghostscript/10.06.0/linux-64/ghostscript-10.06.0-hecca717_0.conda"
checksum = "sha256:42c540b3426537fe6df99bdec28e893e7964367261a3f17c188ba855d2f25942"

[conda-packages.linux-x64."linux-64/giflib-5.2.2-hd590300_0"]
url = "https://api.anaconda.org/download/conda-forge/giflib/5.2.2/linux-64/giflib-5.2.2-hd590300_0.conda"
checksum = "sha256:aac402a8298f0c0cc528664249170372ef6b37ac39fdc92b40601a6aed1e32ff"

[conda-packages.linux-x64."linux-64/glib-2.86.4-h5192d8d_0"]
url = "https://api.anaconda.org/download/conda-forge/glib/2.86.4/linux-64/glib-2.86.4-h5192d8d_0.conda"
checksum = "sha256:61b6316224069508b26b72bca78526723df8bb5047d5c22aa79cbfe20cd24c4e"

[conda-packages.linux-x64."linux-64/glib-tools-2.86.4-hf516916_0"]
url = "https://api.anaconda.org/download/conda-forge/glib-tools/2.86.4/linux-64/glib-tools-2.86.4-hf516916_0.conda"
checksum = "sha256:20972d7770ccfb4cf9e77f5262195228e6f357626d172c195a9fa2a64f4818e8"

[conda-packages.linux-x64."linux-64/graphite2-1.3.14-h5888daf_0"]
url = "https://api.anaconda.org/download/conda-forge/graphite2/1.3.14/linux-64/graphite2-1.3.14-h5888daf_0.conda"
checksum = "sha256:cac69f3ff7756912bbed4c28363de94f545856b35033c0b86193366b95f5317d"

[conda-packages.linux-x64."linux-64/graphviz-14.1.2-h8b86629_0"]
url = "https://api.anaconda.org/download/conda-forge/graphviz/14.1.2/linux-64/graphviz-14.1.2-h8b86629_0.conda"
checksum = "sha256:48d4aae8d2f7dd038b8c2b6a1b68b7bca13fa6b374b78c09fcc0757fa21234a1"

[conda-packages.linux-x64."linux-64/gtk3-3.24.43-h0359ba6_0"]
url = "https://api.anaconda.org/download/conda-forge/gtk3/3.24.43/linux-64/gtk3-3.24.43-h0359ba6_0.conda"
checksum = "sha256:493d416b436bf9902d246ae333f0e1ecfb7d8193f0acd0e5f30bb2405f06558b"

[conda-packages.linux-x64."linux-64/gts-0.7.6-h977cf35_3"]
url = "https://api.anaconda.org/download/conda-forge/gts/0.7.6/linux-64/gts-0.7.6-h977cf35_3.conda"
checksum = "sha256:d28f64cf7cb3e4ac71e83664a2933b241fd68ad420803c8b2e6fa1cab4169a08"

[conda-packages.linux-x64."linux-64/harfbuzz-12.3.2-h6083320_0"]
url = "https://api.anaconda.org/download/conda-forge/harfbuzz/12.3.2/linux-64/harfbuzz-12.3.2-h6083320_0.conda"
checksum = "sha256:92015faf283f9c0a8109e2761042cd47ae7a4505e24af42a53bc3767cb249912"

[conda-packages.linux-x64."linux-64/hicolor-icon-theme-0.17-ha770c72_3"]
url = "https://api.anaconda.org/download/conda-forge/hicolor-icon-theme/0.17/linux-64/hicolor-icon-theme-0.17-ha770c72_3.conda"
checksum = "sha256:6d7e6e1286cb521059fe69696705100a03b006efb914ffe82a2ae97ecbae66b7"

[conda-packages.linux-x64."linux-64/icu-75.1-he02047a_0"]
url = "https://api.anaconda.org/download/conda-forge/icu/75.1/linux-64/icu-75.1-he02047a_0.conda"
checksum = "sha256:71e750d509f5fa3421087ba88ef9a7b9be11c53174af3aa4d06aff4c18b38e8e"

[conda-packages.linux-x64."linux-64/jbig-2.1-h470a237_1"]
url = "https://api.anaconda.org/download/conda-forge/jbig/2.1/linux-64/jbig-2.1-h470a237_1.tar.bz2"

[conda-packages.linux-x64."linux-64/jpeg-9e-h0b41bf4_3"]
url = "https://api.anaconda.org/download/conda-forge/jpeg/9e/linux-64/jpeg-9e-h0b41bf4_3.conda"
checksum = "sha256:8f73194d09c9ea4a7e2b3562766b8d72125cc147b62c7cf83393e3a3bbfd581b"

[conda-packages.linux-x64."linux-64/keyutils-1.6.3-hb9d3cd8_0"]
url = "https://api.anaconda.org/download/conda-forge/keyutils/1.6.3/linux-64/keyutils-1.6.3-hb9d3cd8_0.conda"
checksum = "sha256:0960d06048a7185d3542d850986d807c6e37ca2e644342dd0c72feefcf26c2a4"

[conda-packages.linux-x64."linux-64/krb5-1.20.1-hf9c8cef_0"]
url = "https://api.anaconda.org/download/conda-forge/krb5/1.20.1/linux-64/krb5-1.20.1-hf9c8cef_0.conda"
checksum = "sha256:3274ef26e40df1c23bd34adc075e40cc6c335540688c36ac261d64561da56278"

[conda-packages.linux-x64."linux-64/lerc-4.0.0-h0aef613_1"]
url = "https://api.anaconda.org/download/conda-forge/lerc/4.0.0/linux-64/lerc-4.0.0-h0aef613_1.conda"
checksum = "sha256:412381a43d5ff9bbed82cd52a0bbca5b90623f62e41007c9c42d3870c60945ff"

[conda-packages.linux-x64."linux-64/libasprintf-0.25.1-h8e693c7_0"]
url = "https://api.anaconda.org/download/conda-forge/libasprintf/0.25.1/linux-64/libasprintf-0.25.1-h8e693c7_0.conda"
checksum = "sha256:cf9c4e500397af97d813583e4d5056d2c0523bbc1638cffcea610400c3733d11"

[conda-packages.linux-x64."linux-64/libasprintf-devel-0.25.1-h8e693c7_0"]
url = "https://api.anaconda.org/download/conda-forge/libasprintf-devel/0.25.1/linux-64/libasprintf-devel-0.25.1-h8e693c7_0.conda"
checksum = "sha256:4a33220f2b89e30320fdefcb55b4b788957ba716ad2ad08e4ecaba361f6da506"

[conda-packages.linux-x64."linux-64/libavif16-1.3.0-h766b0b6_0"]
url = "https://api.anaconda.org/download/conda-forge/libavif16/1.3.0/linux-64/libavif16-1.3.0-h766b0b6_0.conda"
checksum = "sha256:170b51a3751c2f842ff9e11d22423494ef7254b448ef2b24751256ef18aa1302"

[conda-packages.linux-x64."linux-64/libcups-2.3.3-h36d4200_3"]
url = "https://api.anaconda.org/download/conda-forge/libcups/2.3.3/linux-64/libcups-2.3.3-h36d4200_3.conda"
checksum = "sha256:0ccd610207807f53328f137b2adc99c413f8e1dcd1302f0325412796a94eaaf7"

[conda-packages.linux-x64."linux-64/libde265-1.0.15-h00ab1b0_0"]
url = "https://api.anaconda.org/download/conda-forge/libde265/1.0.15/linux-64/libde265-1.0.15-h00ab1b0_0.conda"
checksum = "sha256:7cf7e294e1a7c8219065885e186d8f52002fb900bf384d815f159b5874204e3d"

[conda-packages.linux-x64."linux-64/libdeflate-1.25-h17f619e_0"]
url = "https://api.anaconda.org/download/conda-forge/libdeflate/1.25/linux-64/libdeflate-1.25-h17f619e_0.conda"
checksum = "sha256:aa8e8c4be9a2e81610ddf574e05b64ee131fab5e0e3693210c9d6d2fba32c680"

[conda-packages.linux-x64."linux-64/libdrm-2.4.125-hb9d3cd8_0"]
url = "https://api.anaconda.org/download/conda-forge/libdrm/2.4.125/linux-64/libdrm-2.4.125-hb9d3cd8_0.conda"
checksum = "sha256:f53458db897b93b4a81a6dbfd7915ed8fa4a54951f97c698dde6faa028aadfd2"

[conda-packages.linux-x64."linux-64/libedit-3.1.20250104-pl5321h7949ede_0"]
url = "https://api.anaconda.org/download/conda-forge/libedit/3.1.20250104/linux-64/libedit-3.1.20250104-pl5321h7949ede_0.conda"
checksum = "sha256:d789471216e7aba3c184cd054ed61ce3f6dac6f87a50ec69291b9297f8c18724"

[conda-packages.linux-x64."linux-64/libegl-1.7.0-ha4b6fd6_0"]
url = "https://api.anaconda.org/download/conda-forge/libegl/1.7.0/linux-64/libegl-1.7.0-ha4b6fd6_0.conda"
checksum = "sha256:d577ab061760e631c2980eb88d6970e43391c461a89fc7cd6f98e2999d626d44"

[conda-packages.linux-x64."linux-64/libegl-devel-1.7.0-ha4b6fd6_0"]
url = "https://api.anaconda.org/download/conda-forge/libegl-devel/1.7.0/linux-64/libegl-devel-1.7.0-ha4b6fd6_0.conda"
checksum = "sha256:444692f38f052ca8567054677dac246206e50857673dab12caf9bf70ff35e421"

[conda-packages.linux-x64."linux-64/libexpat-2.7.4-hecca717_0"]
url = "https://api.anaconda.org/download/conda-forge/libexpat/2.7.4/linux-64/libexpat-2.7.4-hecca717_0.conda"
checksum = "sha256:d78f1d3bea8c031d2f032b760f36676d87929b18146351c4464c66b0869df3f5"

[conda-packages.linux-x64."linux-64/libffi-3.5.2-h9ec8514_0"]
url = "https://api.anaconda.org/download/conda-forge/libffi/3.5.2/linux-64/libffi-3.5.2-h9ec8514_0.conda"
checksum = "sha256:25cbdfa65580cfab1b8d15ee90b4c9f1e0d72128f1661449c9a999d341377d54"

[conda-packages.linux-x64."linux-64/libfreetype-2.14.1-ha770c72_0"]
url = "https://api.anaconda.org/download/conda-forge/libfreetype/2.14.1/linux-64/libfreetype-2.14.1-ha770c72_0.conda"
checksum = "sha256:4641d37faeb97cf8a121efafd6afd040904d4bca8c46798122f417c31d5dfbec"

[conda-packages.linux-x64."linux-64/libfreetype6-2.14.1-h73754d4_0"]
url = "https://api.anaconda.org/download/conda-forge/libfreetype6/2.14.1/linux-64/libfreetype6-2.14.1-h73754d4_0.conda"
checksum = "sha256:4a7af818a3179fafb6c91111752954e29d3a2a950259c14a2fc7ba40a8b03652"

[conda-packages.linux-x64."linux-64/libgcc-15.2.0-h767d61c_5"]
url = "https://api.anaconda.org/download/conda-forge/libgcc/15.2.0/linux-64/libgcc-15.2.0-h767d61c_5.conda"
checksum = "sha256:cf6c34d2c024f1a28ad48f9a352ffbed5dfd0767be0fae50c4ccaa96f2538116"

[conda-packages.linux-x64."linux-64/libgd-2.3.3-h5aea950_4"]
url = "https://api.anaconda.org/download/conda-forge/libgd/2.3.3/linux-64/libgd-2.3.3-h5aea950_4.conda"
checksum = "sha256:6674781023188deeda7752e5dc429a54fd1639c9d61cbb25296cbbb55367884a"

[conda-packages.linux-x64."linux-64/libgettextpo-0.25.1-h5888daf_0"]
url = "https://api.anaconda.org/download/conda-forge/libgettextpo/0.25.1/linux-64/libgettextpo-0.25.1-h5888daf_0.conda"
checksum = "sha256:d5f6da77757c54be732ffa2213e19235d60c92375892dd82baaece751c141e24"

[conda-packages.linux-x64."linux-64/libgettextpo-devel-0.25.1-h5888daf_0"]
url = "https://api.anaconda.org/download/conda-forge/libgettextpo-devel/0.25.1/linux-64/libgettextpo-devel-0.25.1-h5888daf_0.conda"
checksum = "sha256:afc72296428eeee9c5dbcb2f63bd3a5f88bcd2320196bc031bef80f3f03e0145"

[conda-packages.linux-x64."linux-64/libgfortran-15.2.0-h69a702a_5"]
url = "https://api.anaconda.org/download/conda-forge/libgfortran/15.2.0/linux-64/libgfortran-15.2.0-h69a702a_5.conda"
checksum = "sha256:8c4310fb4819362e21d1c4808f9e89254646a16bb97df77502e2ab978e5e9149"

[conda-packages.linux-x64."linux-64/libgfortran-ng-15.2.0-h69a702a_5"]
url = "https://api.anaconda.org/download/conda-forge/libgfortran-ng/15.2.0/linux-64/libgfortran-ng-15.2.0-h69a702a_5.conda"
checksum = "sha256:7d645b997ae6255bf1a3a0693ef49efdbb7e2d8e0fb2f725271cedd3a2127982"

[conda-packages.linux-x64."linux-64/libgfortran5-15.2.0-hcd61629_5"]
url = "https://api.anaconda.org/download/conda-forge/libgfortran5/15.2.0/linux-64/libgfortran5-15.2.0-hcd61629_5.conda"
checksum = "sha256:5ca0123f95c095521222a2378d931a9145eb89cb99aa34e0f496581774821cb0"

[conda-packages.linux-x64."linux-64/libgl-1.7.0-ha4b6fd6_0"]
url = "https://api.anaconda.org/download/conda-forge/libgl/1.7.0/linux-64/libgl-1.7.0-ha4b6fd6_0.conda"
checksum = "sha256:993f3bfe04e16c58fceab108bf54f1522ff93a657a22a4ced8c56658001d55fa"

[conda-packages.linux-x64."linux-64/libgl-devel-1.7.0-ha4b6fd6_0"]
url = "https://api.anaconda.org/download/conda-forge/libgl-devel/1.7.0/linux-64/libgl-devel-1.7.0-ha4b6fd6_0.conda"
checksum = "sha256:ab97033b3f6ecd983b1a6682e830023113fdcfd25ff139ca98ea9295d9f59aeb"

[conda-packages.linux-x64."linux-64/libglib-2.86.4-h6548e54_0"]
url = "https://api.anaconda.org/download/conda-forge/libglib/2.86.4/linux-64/libglib-2.86.4-h6548e54_0.conda"
checksum = "sha256:0d8cf491cb00aeb35fcfb68dfcb5b0ad188a98fb35c21c2421d2b2acc128cbf5"

[conda-packages.linux-x64."linux-64/libglvnd-1.7.0-ha4b6fd6_0"]
url = "https://api.anaconda.org/download/conda-forge/libglvnd/1.7.0/linux-64/libglvnd-1.7.0-ha4b6fd6_0.conda"
checksum = "sha256:ce35ceca19110ba9d27cb0058e55c62ea0489b3dfad76d016df2d0bf4f027998"

[conda-packages.linux-x64."linux-64/libglx-1.7.0-ha4b6fd6_0"]
url = "https://api.anaconda.org/download/conda-forge/libglx/1.7.0/linux-64/libglx-1.7.0-ha4b6fd6_0.conda"
checksum = "sha256:72ba2a55de3d8902b40359433bbc51f50574067eaf2ae4081a2347d3735e30bb"

[conda-packages.linux-x64."linux-64/libglx-devel-1.7.0-ha4b6fd6_0"]
url = "https://api.anaconda.org/download/conda-forge/libglx-devel/1.7.0/linux-64/libglx-devel-1.7.0-ha4b6fd6_0.conda"
checksum = "sha256:0ef1dafc7b8897b2c02bb97dd8797c4aede7ed892c78fc58087c219f9b377e8e"

[conda-packages.linux-x64."linux-64/libheif-1.19.7-gpl_hc18d805_100"]
url = "https://api.anaconda.org/download/conda-forge/libheif/1.19.7/linux-64/libheif-1.19.7-gpl_hc18d805_100.conda"
checksum = "sha256:ec9797d57088aeed7ca4905777d4f3e70a4dbe90853590eef7006b0ab337af3f"

[conda-packages.linux-x64."linux-64/libiconv-1.18-h4ce23a2_0"]
url = "https://api.anaconda.org/download/conda-forge/libiconv/1.18/linux-64/libiconv-1.18-h4ce23a2_0.conda"
checksum = "sha256:659a83c0c184a30336ca512d670a7db56bfb5e289caa9ee641e6f78fd2326463"

[conda-packages.linux-x64."linux-64/libjpeg-turbo-3.1.2-hb03c661_0"]
url = "https://api.anaconda.org/download/conda-forge/libjpeg-turbo/3.1.2/linux-64/libjpeg-turbo-3.1.2-hb03c661_0.conda"
checksum = "sha256:cc9aba923eea0af8e30e0f94f2ad7156e2984d80d1e8e7fe6be5a1f257f0eb32"

[conda-packages.linux-x64."linux-64/liblzma-5.8.2-hb03c661_0"]
url = "https://api.anaconda.org/download/conda-forge/liblzma/5.8.2/linux-64/liblzma-5.8.2-hb03c661_0.conda"
checksum = "sha256:755c55ebab181d678c12e49cced893598f2bab22d582fbbf4d8b83c18be207eb"

[conda-packages.linux-x64."linux-64/liblzma-devel-5.8.2-hb03c661_0"]
url = "https://api.anaconda.org/download/conda-forge/liblzma-devel/5.8.2/linux-64/liblzma-devel-5.8.2-hb03c661_0.conda"
checksum = "sha256:dd246f80c9c1c27b87e586c33cf36db9340fb8078e9b805429063c2af54d34a4"

[conda-packages.linux-x64."linux-64/libpciaccess-0.18-hd590300_0"]
url = "https://api.anaconda.org/download/conda-forge/libpciaccess/0.18/linux-64/libpciaccess-0.18-hd590300_0.conda"
checksum = "sha256:c0a30ac74eba66ea76a4f0a39acc7833f5ed783a632ca3bb6665b2d81aabd2fb"

[conda-packages.linux-x64."linux-64/libpng-1.6.55-h421ea60_0"]
url = "https://api.anaconda.org/download/conda-forge/libpng/1.6.55/linux-64/libpng-1.6.55-h421ea60_0.conda"
checksum = "sha256:36ade759122cdf0f16e2a2562a19746d96cf9c863ffaa812f2f5071ebbe9c03c"

[conda-packages.linux-x64."linux-64/librsvg-2.60.2-h61e6d4b_0"]
url = "https://api.anaconda.org/download/conda-forge/librsvg/2.60.2/linux-64/librsvg-2.60.2-h61e6d4b_0.conda"
checksum = "sha256:38b3189cf246f7265e06917f32d046ac375117c88834d045efe73ec48ceacc59"

[conda-packages.linux-x64."linux-64/libsqlite-3.51.2-h0c1763c_0"]
url = "https://api.anaconda.org/download/conda-forge/libsqlite/3.51.2/linux-64/libsqlite-3.51.2-h0c1763c_0.conda"
checksum = "sha256:c1ff4589b48d32ca0a2628970d869fa9f7b2c2d00269a3761edc7e9e4c1ab7b8"

[conda-packages.linux-x64."linux-64/libstdcxx-15.2.0-h8f9b012_5"]
url = "https://api.anaconda.org/download/conda-forge/libstdcxx/15.2.0/linux-64/libstdcxx-15.2.0-h8f9b012_5.conda"
checksum = "sha256:803eb5a488314b5e127f014001279795ad0e9a2a096f4a0c84d20bc543109104"

[conda-packages.linux-x64."linux-64/libtiff-4.7.1-h8261f1e_0"]
url = "https://api.anaconda.org/download/conda-forge/libtiff/4.7.1/linux-64/libtiff-4.7.1-h8261f1e_0.conda"
checksum = "sha256:ddda0d7ee67e71e904a452010c73e32da416806f5cb9145fb62c322f97e717fb"

[conda-packages.linux-x64."linux-64/libuuid-2.41.3-h5347b49_0"]
url = "https://api.anaconda.org/download/conda-forge/libuuid/2.41.3/linux-64/libuuid-2.41.3-h5347b49_0.conda"
checksum = "sha256:1a7539cfa7df00714e8943e18de0b06cceef6778e420a5ee3a2a145773758aee"

[conda-packages.linux-x64."linux-64/libwebp-1.6.0-h9635ea4_0"]
url = "https://api.anaconda.org/download/conda-forge/libwebp/1.6.0/linux-64/libwebp-1.6.0-h9635ea4_0.conda"
checksum = "sha256:6ebd63ad14a601d715e5812c062e6c0c7a1fe9e9acacd8bd103de00a492f7b5f"

[conda-packages.linux-x64."linux-64/libwebp-base-1.6.0-hd42ef1d_0"]
url = "https://api.anaconda.org/download/conda-forge/libwebp-base/1.6.0/linux-64/libwebp-base-1.6.0-hd42ef1d_0.conda"
checksum = "sha256:3aed21ab28eddffdaf7f804f49be7a7d701e8f0e46c856d801270b470820a37b"

[conda-packages.linux-x64."linux-64/libxcb-1.17.0-h8a09558_0"]
url = "https://api.anaconda.org/download/conda-forge/libxcb/1.17.0/linux-64/libxcb-1.17.0-h8a09558_0.conda"
checksum = "sha256:666c0c431b23c6cec6e492840b176dde533d48b7e6fb8883f5071223433776aa"

[conda-packages.linux-x64."linux-64/libxkbcommon-1.13.1-hca5e8e5_0"]
url = "https://api.anaconda.org/download/conda-forge/libxkbcommon/1.13.1/linux-64/libxkbcommon-1.13.1-hca5e8e5_0.conda"
checksum = "sha256:d2195b5fbcb0af1ff7b345efdf89290c279b8d1d74f325ae0ac98148c375863c"

[conda-packages.linux-x64."linux-64/libxml2-16-2.15.1-ha9997c6_0"]
url = "https://api.anaconda.org/download/conda-forge/libxml2-16/2.15.1/linux-64/libxml2-16-2.15.1-ha9997c6_0.conda"
checksum = "sha256:71436e72a286ef8b57d6f4287626ff91991eb03c7bdbe835280521791efd1434"

[conda-packages.linux-x64."linux-64/libxml2-2.15.1-h26afc86_0"]
url = "https://api.anaconda.org/download/conda-forge/libxml2/2.15.1/linux-64/libxml2-2.15.1-h26afc86_0.conda"
checksum = "sha256:ec0735ae56c3549149eebd7dc22c0bed91fd50c02eaa77ff418613ddda190aa8"

[conda-packages.linux-x64."linux-64/libxml2-devel-2.15.1-h26afc86_0"]
url = "https://api.anaconda.org/download/conda-forge/libxml2-devel/2.15.1/linux-64/libxml2-devel-2.15.1-h26afc86_0.conda"
checksum = "sha256:7a01dde0807d0283ef6babb661cb750f63d7842f489b6e40d0af0f16951edf3e"

[conda-packages.linux-x64."linux-64/libzlib-1.3.1-hd590300_0"]
url = "https://api.anaconda.org/download/conda-forge/libzlib/1.3.1/linux-64/libzlib-1.3.1-hd590300_0.conda"
checksum = "sha256:9df76697b6fe2228711283c0dda589354d5df633726db2fca7f7841dd5e50c82"

[conda-packages.linux-x64."linux-64/llvm-openmp-22.1.0-h4922eb0_0"]
url = "https://api.anaconda.org/download/conda-forge/llvm-openmp/22.1.0/linux-64/llvm-openmp-22.1.0-h4922eb0_0.conda"
checksum = "sha256:543c9f17cf6ee6d7b635823fb9009df421d510c36739534df6ae43eadaf6ff4e"

[conda-packages.linux-x64."linux-64/ncurses-6.2-he1b5a44_0"]
url = "https://api.anaconda.org/download/conda-forge/ncurses/6.2/linux-64/ncurses-6.2-he1b5a44_0.tar.bz2"

[conda-packages.linux-x64."linux-64/openjpeg-2.5.4-h55fea9a_0"]
url = "https://api.anaconda.org/download/conda-forge/openjpeg/2.5.4/linux-64/openjpeg-2.5.4-h55fea9a_0.conda"
checksum = "sha256:3900f9f2dbbf4129cf3ad6acf4e4b6f7101390b53843591c53b00f034343bc4d"

[conda-packages.linux-x64."linux-64/openssl-1.0.2u-h516909a_0"]
url = "https://api.anaconda.org/download/conda-forge/openssl/1.0.2u/linux-64/openssl-1.0.2u-h516909a_0.tar.bz2"

[conda-packages.linux-x64."linux-64/packaging-16.8-py34_0"]
url = "https://api.anaconda.org/download/conda-forge/packaging/16.8/linux-64/packaging-16.8-py34_0.tar.bz2"

[conda-packages.linux-x64."linux-64/pango-1.56.4-hadf4263_0"]
url = "https://api.anaconda.org/download/conda-forge/pango/1.56.4/linux-64/pango-1.56.4-hadf4263_0.conda"
checksum = "sha256:3613774ad27e48503a3a6a9d72017087ea70f1426f6e5541dbdb59a3b626eaaf"

[conda-packages.linux-x64."linux-64/pcre2-10.47-haa7fec5_0"]
url = "https://api.anaconda.org/download/conda-forge/pcre2/10.47/linux-64/pcre2-10.47-haa7fec5_0.conda"
checksum = "sha256:5e6f7d161356fefd981948bea5139c5aa0436767751a6930cb1ca801ebb113ff"

[conda-packages.linux-x64."linux-64/pixman-0.46.4-h537e5f6_0"]
url = "https://api.anaconda.org/download/conda-forge/pixman/0.46.4/linux-64/pixman-0.46.4-h537e5f6_0.conda"
checksum = "sha256:f1a4bed536f8860b4e67fcd17662884dfa364e515c195c6d2e41dbf70f19263b"

[conda-packages.linux-x64."linux-64/pkg-config-0.29.2-h4bc722e_1009"]
url = "https://api.anaconda.org/download/conda-forge/pkg-config/0.29.2/linux-64/pkg-config-0.29.2-h4bc722e_1009.conda"
checksum = "sha256:c9601efb1af5391317e04eca77c6fe4d716bf1ca1ad8da2a05d15cb7c28d7d4e"

[conda-packages.linux-x64."linux-64/pthread-stubs-0.4-hb9d3cd8_1002"]
url = "https://api.anaconda.org/download/conda-forge/pthread-stubs/0.4/linux-64/pthread-stubs-0.4-hb9d3cd8_1002.conda"
checksum = "sha256:9c88f8c64590e9567c6c80823f0328e58d3b1efb0e1c539c0315ceca764e0973"

[conda-packages.linux-x64."linux-64/pyparsing-2.2.0-py27_0"]
url = "https://api.anaconda.org/download/conda-forge/pyparsing/2.2.0/linux-64/pyparsing-2.2.0-py27_0.tar.bz2"

[conda-packages.linux-x64."linux-64/python-2.7.15-h9fef7bc_0"]
url = "https://api.anaconda.org/download/conda-forge/python/2.7.15/linux-64/python-2.7.15-h9fef7bc_0.tar.bz2"

[conda-packages.linux-x64."linux-64/rav1e-0.7.1-h8fae777_3"]
url = "https://api.anaconda.org/download/conda-forge/rav1e/0.7.1/linux-64/rav1e-0.7.1-h8fae777_3.conda"
checksum = "sha256:6e5e704c1c21f820d760e56082b276deaf2b53cf9b751772761c3088a365f6f4"

[conda-packages.linux-x64."linux-64/readline-7.0-haf1bffa_0"]
url = "https://api.anaconda.org/download/conda-forge/readline/7.0/linux-64/readline-7.0-haf1bffa_0.tar.bz2"

[conda-packages.linux-x64."linux-64/six-1.14.0-py27_0"]
url = "https://api.anaconda.org/download/conda-forge/six/1.14.0/linux-64/six-1.14.0-py27_0.tar.bz2"

[conda-packages.linux-x64."linux-64/sqlite-3.51.2-hbc0de68_0"]
url = "https://api.anaconda.org/download/conda-forge/sqlite/3.51.2/linux-64/sqlite-3.51.2-hbc0de68_0.conda"
checksum = "sha256:65436099fd33e4471348d614c1de9235fdd4e5b7d86a5a12472922e6b6628951"

[conda-packages.linux-x64."linux-64/svt-av1-3.0.2-h5888daf_0"]
url = "https://api.anaconda.org/download/conda-forge/svt-av1/3.0.2/linux-64/svt-av1-3.0.2-h5888daf_0.conda"
checksum = "sha256:fb4b97a3fd259eff4849b2cfe5678ced0c5792b697eb1f7bcd93a4230e90e80e"

[conda-packages.linux-x64."linux-64/tk-8.6.13-h2797004_0"]
url = "https://api.anaconda.org/download/conda-forge/tk/8.6.13/linux-64/tk-8.6.13-h2797004_0.conda"
checksum = "sha256:679e944eb93fde45d0963a22598fafacbb429bb9e7ee26009ba81c4e0c435055"

[conda-packages.linux-x64."linux-64/wayland-1.24.0-h3e06ad9_0"]
url = "https://api.anaconda.org/download/conda-forge/wayland/1.24.0/linux-64/wayland-1.24.0-h3e06ad9_0.conda"
checksum = "sha256:ba673427dcd480cfa9bbc262fd04a9b1ad2ed59a159bd8f7e750d4c52282f34c"

[conda-packages.linux-x64."linux-64/x265-3.5-h4bd325d_0"]
url = "https://api.anaconda.org/download/conda-forge/x265/3.5/linux-64/x265-3.5-h4bd325d_0.tar.bz2"

[conda-packages.linux-x64."linux-64/xkeyboard-config-2.47-hb03c661_0"]
url = "https://api.anaconda.org/download/conda-forge/xkeyboard-config/2.47/linux-64/xkeyboard-config-2.47-hb03c661_0.conda"
checksum = "sha256:19c2bb14bec84b0e995b56b752369775c75f1589314b43733948bb5f471a6915"

[conda-packages.linux-x64."linux-64/xorg-glproto-1.4.17-hb9d3cd8_1003"]
url = "https://api.anaconda.org/download/conda-forge/xorg-glproto/1.4.17/linux-64/xorg-glproto-1.4.17-hb9d3cd8_1003.conda"
checksum = "sha256:cd29d1023230078cf83a06d01f4f013d9bbfbc7f8082ba59b40090c4f2f4eec3"

[conda-packages.linux-x64."linux-64/xorg-libice-1.1.2-hb9d3cd8_0"]
url = "https://api.anaconda.org/download/conda-forge/xorg-libice/1.1.2/linux-64/xorg-libice-1.1.2-hb9d3cd8_0.conda"
checksum = "sha256:c12396aabb21244c212e488bbdc4abcdef0b7404b15761d9329f5a4a39113c4b"

[conda-packages.linux-x64."linux-64/xorg-libsm-1.2.6-he73a12e_0"]
url = "https://api.anaconda.org/download/conda-forge/xorg-libsm/1.2.6/linux-64/xorg-libsm-1.2.6-he73a12e_0.conda"
checksum = "sha256:277841c43a39f738927145930ff963c5ce4c4dacf66637a3d95d802a64173250"

[conda-packages.linux-x64."linux-64/xorg-libx11-1.8.13-he1eb515_0"]
url = "https://api.anaconda.org/download/conda-forge/xorg-libx11/1.8.13/linux-64/xorg-libx11-1.8.13-he1eb515_0.conda"
checksum = "sha256:516d4060139dbb4de49a4dcdc6317a9353fb39ebd47789c14e6fe52de0deee42"

[conda-packages.linux-x64."linux-64/xorg-libxau-1.0.12-hb9d3cd8_0"]
url = "https://api.anaconda.org/download/conda-forge/xorg-libxau/1.0.12/linux-64/xorg-libxau-1.0.12-hb9d3cd8_0.conda"
checksum = "sha256:ed10c9283974d311855ae08a16dfd7e56241fac632aec3b92e3cfe73cff31038"

[conda-packages.linux-x64."linux-64/xorg-libxcomposite-0.4.7-hb03c661_0"]
url = "https://api.anaconda.org/download/conda-forge/xorg-libxcomposite/0.4.7/linux-64/xorg-libxcomposite-0.4.7-hb03c661_0.conda"
checksum = "sha256:048c103000af9541c919deef03ae7c5e9c570ffb4024b42ecb58dbde402e373a"

[conda-packages.linux-x64."linux-64/xorg-libxcursor-1.2.3-hb9d3cd8_0"]
url = "https://api.anaconda.org/download/conda-forge/xorg-libxcursor/1.2.3/linux-64/xorg-libxcursor-1.2.3-hb9d3cd8_0.conda"
checksum = "sha256:832f538ade441b1eee863c8c91af9e69b356cd3e9e1350fff4fe36cc573fc91a"

[conda-packages.linux-x64."linux-64/xorg-libxdamage-1.1.6-hb9d3cd8_0"]
url = "https://api.anaconda.org/download/conda-forge/xorg-libxdamage/1.1.6/linux-64/xorg-libxdamage-1.1.6-hb9d3cd8_0.conda"
checksum = "sha256:43b9772fd6582bf401846642c4635c47a9b0e36ca08116b3ec3df36ab96e0ec0"

[conda-packages.linux-x64."linux-64/xorg-libxdmcp-1.1.5-hb9d3cd8_0"]
url = "https://api.anaconda.org/download/conda-forge/xorg-libxdmcp/1.1.5/linux-64/xorg-libxdmcp-1.1.5-hb9d3cd8_0.conda"
checksum = "sha256:6b250f3e59db07c2514057944a3ea2044d6a8cdde8a47b6497c254520fade1ee"

[conda-packages.linux-x64."linux-64/xorg-libxext-1.3.7-hb03c661_0"]
url = "https://api.anaconda.org/download/conda-forge/xorg-libxext/1.3.7/linux-64/xorg-libxext-1.3.7-hb03c661_0.conda"
checksum = "sha256:79c60fc6acfd3d713d6340d3b4e296836a0f8c51602327b32794625826bd052f"

[conda-packages.linux-x64."linux-64/xorg-libxfixes-6.0.2-hb03c661_0"]
url = "https://api.anaconda.org/download/conda-forge/xorg-libxfixes/6.0.2/linux-64/xorg-libxfixes-6.0.2-hb03c661_0.conda"
checksum = "sha256:83c4c99d60b8784a611351220452a0a85b080668188dce5dfa394b723d7b64f4"

[conda-packages.linux-x64."linux-64/xorg-libxi-1.8.2-hb9d3cd8_0"]
url = "https://api.anaconda.org/download/conda-forge/xorg-libxi/1.8.2/linux-64/xorg-libxi-1.8.2-hb9d3cd8_0.conda"
checksum = "sha256:1a724b47d98d7880f26da40e45f01728e7638e6ec69f35a3e11f92acd05f9e7a"

[conda-packages.linux-x64."linux-64/xorg-libxinerama-1.1.6-hecca717_0"]
url = "https://api.anaconda.org/download/conda-forge/xorg-libxinerama/1.1.6/linux-64/xorg-libxinerama-1.1.6-hecca717_0.conda"
checksum = "sha256:3a9da41aac6dca9d3ff1b53ee18b9d314de88add76bafad9ca2287a494abcd86"

[conda-packages.linux-x64."linux-64/xorg-libxrandr-1.5.5-hb03c661_0"]
url = "https://api.anaconda.org/download/conda-forge/xorg-libxrandr/1.5.5/linux-64/xorg-libxrandr-1.5.5-hb03c661_0.conda"
checksum = "sha256:80ed047a5cb30632c3dc5804c7716131d767089f65877813d4ae855ee5c9d343"

[conda-packages.linux-x64."linux-64/xorg-libxrender-0.9.12-hb9d3cd8_0"]
url = "https://api.anaconda.org/download/conda-forge/xorg-libxrender/0.9.12/linux-64/xorg-libxrender-0.9.12-hb9d3cd8_0.conda"
checksum = "sha256:044c7b3153c224c6cedd4484dd91b389d2d7fd9c776ad0f4a34f099b3389f4a1"

[conda-packages.linux-x64."linux-64/xorg-libxt-1.3.1-hb9d3cd8_0"]
url = "https://api.anaconda.org/download/conda-forge/xorg-libxt/1.3.1/linux-64/xorg-libxt-1.3.1-hb9d3cd8_0.conda"
checksum = "sha256:a8afba4a55b7b530eb5c8ad89737d60d60bc151a03fbef7a2182461256953f0e"

[conda-packages.linux-x64."linux-64/xorg-libxxf86vm-1.1.7-hb03c661_0"]
url = "https://api.anaconda.org/download/conda-forge/xorg-libxxf86vm/1.1.7/linux-64/xorg-libxxf86vm-1.1.7-hb03c661_0.conda"
checksum = "sha256:64db17baaf36fa03ed8fae105e2e671a7383e22df4077486646f7dbf12842c9f"

[conda-packages.linux-x64."linux-64/xorg-xextproto-7.3.0-h0b41bf4_1003"]
url = "https://api.anaconda.org/download/conda-forge/xorg-xextproto/7.3.0/linux-64/xorg-xextproto-7.3.0-h0b41bf4_1003.conda"
checksum = "sha256:b8dda3b560e8a7830fe23be1c58cc41f407b2e20ae2f3b6901eb5842ba62b743"

[conda-packages.linux-x64."linux-64/zlib-1.3-hd590300_0"]
url = "https://api.anaconda.org/download/conda-forge/zlib/1.3/linux-64/zlib-1.3-hd590300_0.conda"
checksum = "sha256:740d575c386f41cb532c65ab8b0416113102e696e5f847837dc920210a092abe"

[conda-packages.linux-x64."linux-64/zstd-1.5.7-hb8e6e7a_0"]
url = "https://api.anaconda.org/download/conda-forge/zstd/1.5.7/linux-64/zstd-1.5.7-hb8e6e7a_0.conda"
checksum = "sha256:b8f7b4c7264e84fcedce3929239f5c55e86ae90948c9fdee666f93a70ca58e66"

[conda-packages.linux-x64."noarch/font-ttf-dejavu-sans-mono-2.37-hab24e00_0"]
url = "https://api.anaconda.org/download/conda-forge/font-ttf-dejavu-sans-mono/2.37/noarch/font-ttf-dejavu-sans-mono-2.37-hab24e00_0.tar.bz2"

[conda-packages.linux-x64."noarch/font-ttf-inconsolata-3.000-h77eed37_0"]
url = "https://api.anaconda.org/download/conda-forge/font-ttf-inconsolata/3.000/noarch/font-ttf-inconsolata-3.000-h77eed37_0.tar.bz2"

[conda-packages.linux-x64."noarch/font-ttf-source-code-pro-2.038-h77eed37_0"]
url = "https://api.anaconda.org/download/conda-forge/font-ttf-source-code-pro/2.038/noarch/font-ttf-source-code-pro-2.038-h77eed37_0.tar.bz2"

[conda-packages.linux-x64."noarch/font-ttf-ubuntu-0.83-h77eed37_1"]
url = "https://api.anaconda.org/download/conda-forge/font-ttf-ubuntu/0.83/noarch/font-ttf-ubuntu-0.83-h77eed37_1.conda"
checksum = "sha256:056c85b482d58faab5fd4670b6c1f5df0986314cca3bc831d458b22e4ef2c792"

[conda-packages.linux-x64."noarch/fonts-conda-ecosystem-1-0"]
url = "https://api.anaconda.org/download/conda-forge/fonts-conda-ecosystem/1/noarch/fonts-conda-ecosystem-1-0.tar.bz2"

[conda-packages.linux-x64."noarch/fonts-conda-forge-1-hc364b38_1"]
url = "https://api.anaconda.org/download/conda-forge/fonts-conda-forge/1/noarch/fonts-conda-forge-1-hc364b38_1.conda"
checksum = "sha256:54eea8469786bc2291cc40bca5f46438d3e062a399e8f53f013b6a9f50e98333"

[[tools."aqua:github/copilot-cli"]]
version = "0.0.420"
backend = "aqua:github/copilot-cli"
"platforms.linux-x64" = { checksum = "sha256:344f89ee1e619c9ffcb072381b7e53c2f305053008b55584dc5846d003c167b9", url = "https://github.com/github/copilot-cli/releases/download/v0.0.420/copilot-linux-x64.tar.gz"}

[[tools."aqua:k1LoW/git-wt"]]
version = "0.25.0"
backend = "aqua:k1LoW/git-wt"
"platforms.linux-x64" = { checksum = "sha256:3d2740c22f7b0ddd469425d3656166c169bd5338688a05572e29d1399e1a945a", url = "https://github.com/k1LoW/git-wt/releases/download/v0.25.0/git-wt_v0.25.0_linux_amd64.tar.gz"}

[[tools."aqua:micro-editor/micro"]]
version = "2.0.15"
backend = "aqua:micro-editor/micro"

[[tools."aqua:ogham/exa"]]
version = "0.10.1"
backend = "aqua:ogham/exa"

[[tools."aqua:rossmacarthur/sheldon"]]
version = "0.8.5"
backend = "aqua:rossmacarthur/sheldon"
"platforms.linux-x64" = { checksum = "sha256:80aa0be617072c278d67fd6c5fbce4903d3801d78b6abf8f058f0648d2242c78", url = "https://github.com/rossmacarthur/sheldon/releases/download/0.8.5/sheldon-0.8.5-x86_64-unknown-linux-musl.tar.gz"}

[[tools.bat]]
version = "0.26.1"
backend = "aqua:sharkdp/bat"

[[tools.bun]]
version = "1.3.10"
backend = "core:bun"
"platforms.linux-x64" = { checksum = "blake3:1fde3005ad2838fe37d372ba5b213c3549db361aafbb4efb6600a43fe43d4aba"}

[[tools.claude]]
version = "2.1.63"
backend = "aqua:anthropics/claude-code"
"platforms.linux-x64" = { checksum = "blake3:70920ec7f2efc89a34fc41ef72de584093ca3366c44a1a1438e9778c5392f12d", url = "https://storage.googleapis.com/claude-code-dist-86c565f3-f756-42ad-8dfa-d59b1c096819/claude-code-releases/2.1.63/linux-x64/claude"}

[[tools."conda:ffmpeg"]]
version = "8.0.1"
backend = "conda:ffmpeg"

[[tools.delta]]
version = "0.18.2"
backend = "aqua:dandavison/delta"

[[tools.deno]]
version = "2.7.1"
backend = "core:deno"
"platforms.linux-x64" = { checksum = "blake3:b441d7026803637e032f96e2475dd1933411d03f7af812ab018853aee0633711"}

[[tools.fd]]
version = "10.3.0"
backend = "aqua:sharkdp/fd"

[[tools.fzf]]
version = "0.68.0"
backend = "aqua:junegunn/fzf"
"platforms.linux-x64" = { checksum = "sha256:545004a69eb65bb9adf32000971105ac21aea54bbecb618c55414d21b823fe95", url = "https://github.com/junegunn/fzf/releases/download/v0.68.0/fzf-0.68.0-linux_amd64.tar.gz"}

[[tools.gh]]
version = "2.87.3"
backend = "aqua:cli/cli"
"platforms.linux-x64" = { checksum = "sha256:c6e5537631fca45f277ef405ce8751d139b491e9402cc20891a003525a8773b2", url = "https://github.com/cli/cli/releases/download/v2.87.3/gh_2.87.3_linux_amd64.tar.gz"}

[[tools.ghq]]
version = "1.9.4"
backend = "aqua:x-motemen/ghq"

[[tools."github:hayatosc/git-cx"]]
version = "0.1.0"
backend = "github:hayatosc/git-cx"
"platforms.linux-x64" = { checksum = "sha256:ff12d69d6f6084f5827d606b07ed86d3894592bf9318fccfad71dda979be1fbe", url = "https://github.com/hayatosc/git-cx/releases/download/v0.1.0/git-cx_0.1.0_linux_amd64.tar.gz", url_api = "https://api.github.com/repos/hayatosc/git-cx/releases/assets/364454097"}

[[tools."github:steipete/gogcli"]]
version = "0.11.0"
backend = "github:steipete/gogcli"
"platforms.linux-x64" = { checksum = "sha256:ca98ba56e29ccd3713fe7bf835fdca00ae1b97cdcb7b0bc5e393e7edb4089c84", url = "https://github.com/steipete/gogcli/releases/download/v0.11.0/gogcli_0.11.0_linux_amd64.tar.gz", url_api = "https://api.github.com/repos/steipete/gogcli/releases/assets/356112477"}

[[tools.go]]
version = "1.26.0"
backend = "core:go"
"platforms.linux-x64" = { checksum = "sha256:aac1b08a0fb0c4e0a7c1555beb7b59180b05dfc5a3d62e40e9de90cd42f88235", url = "https://dl.google.com/go/go1.26.0.linux-amd64.tar.gz"}

[[tools."go:github.com/Warashi/cage"]]
version = "0.1.13"
backend = "go:github.com/Warashi/cage"

[[tools."go:golang.org/x/tools/gopls"]]
version = "0.21.1"
backend = "go:golang.org/x/tools/gopls"

[[tools.imagemagick]]
version = "7.1.2_15"
backend = "conda:imagemagick"
"platforms.linux-x64" = { checksum = "sha256:760e0daafb502bcaa0b3404f29072b5c95ae7259d7b29f112b32ce6ed771625b", conda_deps = [
    "linux-64/gettext-0.25.1-h5888daf_0",
    "linux-64/libdeflate-1.25-h17f619e_0",
    "linux-64/wayland-1.24.0-h3e06ad9_0",
    "linux-64/pcre2-10.47-haa7fec5_0",
    "linux-64/libde265-1.0.15-h00ab1b0_0",
    "linux-64/libxkbcommon-1.13.1-hca5e8e5_0",
    "linux-64/libiconv-1.18-h4ce23a2_0",
    "linux-64/openjpeg-2.5.4-h55fea9a_0",
    "linux-64/libsqlite-3.51.2-h0c1763c_0",
    "linux-64/libfreetype6-2.14.1-h73754d4_0",
    "linux-64/fontconfig-2.17.1-h27c8c51_0",
    "linux-64/libwebp-base-1.6.0-hd42ef1d_0",
    "linux-64/libpng-1.6.55-h421ea60_0",
    "linux-64/libgfortran-15.2.0-h69a702a_5",
    "linux-64/libffi-3.5.2-h9ec8514_0",
    "linux-64/graphviz-14.1.2-h8b86629_0",
    "linux-64/svt-av1-3.0.2-h5888daf_0",
    "linux-64/x265-3.5-h4bd325d_0",
    "linux-64/gettext-tools-0.25.1-h5888daf_0",
    "linux-64/librsvg-2.60.2-h61e6d4b_0",
    "linux-64/xorg-libx11-1.8.13-he1eb515_0",
    "linux-64/pyparsing-2.2.0-py27_0",
    "linux-64/xorg-libxcursor-1.2.3-hb9d3cd8_0",
    "linux-64/libavif16-1.3.0-h766b0b6_0",
    "noarch/font-ttf-inconsolata-3.000-h77eed37_0",
    "linux-64/hicolor-icon-theme-0.17-ha770c72_3",
    "linux-64/libgl-devel-1.7.0-ha4b6fd6_0",
    "linux-64/xorg-xextproto-7.3.0-h0b41bf4_1003",
    "linux-64/icu-75.1-he02047a_0",
    "linux-64/libuuid-2.41.3-h5347b49_0",
    "linux-64/sqlite-3.51.2-hbc0de68_0",
    "linux-64/libedit-3.1.20250104-pl5321h7949ede_0",
    "linux-64/libasprintf-0.25.1-h8e693c7_0",
    "linux-64/ncurses-6.2-he1b5a44_0",
    "linux-64/libgfortran-ng-15.2.0-h69a702a_5",
    "linux-64/libglib-2.86.4-h6548e54_0",
    "linux-64/liblzma-devel-5.8.2-hb03c661_0",
    "linux-64/libgfortran5-15.2.0-hcd61629_5",
    "linux-64/glib-2.86.4-h5192d8d_0",
    "linux-64/jpeg-9e-h0b41bf4_3",
    "linux-64/libegl-1.7.0-ha4b6fd6_0",
    "linux-64/xorg-libxdmcp-1.1.5-hb9d3cd8_0",
    "linux-64/xorg-libxi-1.8.2-hb9d3cd8_0",
    "linux-64/libxcb-1.17.0-h8a09558_0",
    "linux-64/libexpat-2.7.4-hecca717_0",
    "noarch/fonts-conda-forge-1-hc364b38_1",
    "linux-64/python-2.7.15-h9fef7bc_0",
    "linux-64/harfbuzz-12.3.2-h6083320_0",
    "linux-64/libwebp-1.6.0-h9635ea4_0",
    "linux-64/libtiff-4.7.1-h8261f1e_0",
    "linux-64/rav1e-0.7.1-h8fae777_3",
    "linux-64/aom-3.9.1-hac33072_0",
    "linux-64/libfreetype-2.14.1-ha770c72_0",
    "linux-64/llvm-openmp-22.1.0-h4922eb0_0",
    "linux-64/epoxy-1.5.10-hb03c661_2",
    "linux-64/libasprintf-devel-0.25.1-h8e693c7_0",
    "linux-64/adwaita-icon-theme-41.0-ha770c72_0",
    "linux-64/xorg-libxext-1.3.7-hb03c661_0",
    "linux-64/keyutils-1.6.3-hb9d3cd8_0",
    "linux-64/libgl-1.7.0-ha4b6fd6_0",
    "linux-64/fribidi-1.0.16-hb03c661_0",
    "linux-64/xorg-libxrandr-1.5.5-hb03c661_0",
    "noarch/font-ttf-dejavu-sans-mono-2.37-hab24e00_0",
    "linux-64/dbus-1.16.2-h3c4dab8_0",
    "linux-64/gtk3-3.24.43-h0359ba6_0",
    "linux-64/libcups-2.3.3-h36d4200_3",
    "linux-64/krb5-1.20.1-hf9c8cef_0",
    "linux-64/libgettextpo-0.25.1-h5888daf_0",
    "linux-64/libgd-2.3.3-h5aea950_4",
    "linux-64/graphite2-1.3.14-h5888daf_0",
    "linux-64/dav1d-1.2.1-hd590300_0",
    "linux-64/xorg-libsm-1.2.6-he73a12e_0",
    "linux-64/xkeyboard-config-2.47-hb03c661_0",
    "linux-64/xorg-libice-1.1.2-hb9d3cd8_0",
    "linux-64/fftw-3.3.10-nompi_hf0379b8_106",
    "linux-64/tk-8.6.13-h2797004_0",
    "linux-64/atk-1.0-2.38.0-h04ea711_2",
    "linux-64/xorg-libxt-1.3.1-hb9d3cd8_0",
    "linux-64/packaging-16.8-py34_0",
    "linux-64/libglvnd-1.7.0-ha4b6fd6_0",
    "linux-64/liblzma-5.8.2-hb03c661_0",
    "linux-64/_openmp_mutex-4.5-3_kmp_llvm",
    "linux-64/ghostscript-10.06.0-hecca717_0",
    "linux-64/pango-1.56.4-hadf4263_0",
    "linux-64/glib-tools-2.86.4-hf516916_0",
    "linux-64/ca-certificates-2025.1.31-hbcca054_0",
    "linux-64/libxml2-2.15.1-h26afc86_0",
    "linux-64/openssl-1.0.2u-h516909a_0",
    "linux-64/pthread-stubs-0.4-hb9d3cd8_1002",
    "linux-64/libglx-1.7.0-ha4b6fd6_0",
    "linux-64/bzip2-1.0.8-hd590300_5",
    "linux-64/xorg-libxxf86vm-1.1.7-hb03c661_0",
    "linux-64/libzlib-1.3.1-hd590300_0",
    "linux-64/libheif-1.19.7-gpl_hc18d805_100",
    "linux-64/at-spi2-core-2.36.1-h1369247_0",
    "linux-64/libegl-devel-1.7.0-ha4b6fd6_0",
    "linux-64/libglx-devel-1.7.0-ha4b6fd6_0",
    "linux-64/pixman-0.46.4-h537e5f6_0",
    "linux-64/xorg-libxfixes-6.0.2-hb03c661_0",
    "linux-64/gts-0.7.6-h977cf35_3",
    "linux-64/jbig-2.1-h470a237_1",
    "noarch/fonts-conda-ecosystem-1-0",
    "linux-64/pkg-config-0.29.2-h4bc722e_1009",
    "linux-64/libxml2-16-2.15.1-ha9997c6_0",
    "linux-64/readline-7.0-haf1bffa_0",
    "linux-64/libgettextpo-devel-0.25.1-h5888daf_0",
    "linux-64/six-1.14.0-py27_0",
    "linux-64/libstdcxx-15.2.0-h8f9b012_5",
    "linux-64/libjpeg-turbo-3.1.2-hb03c661_0",
    "noarch/font-ttf-source-code-pro-2.038-h77eed37_0",
    "linux-64/at-spi2-atk-2.38.0-h1369247_0",
    "linux-64/xorg-libxcomposite-0.4.7-hb03c661_0",
    "noarch/font-ttf-ubuntu-0.83-h77eed37_1",
    "linux-64/gdk-pixbuf-2.44.5-h2b0a6b4_0",
    "linux-64/zlib-1.3-hd590300_0",
    "linux-64/xorg-libxau-1.0.12-hb9d3cd8_0",
    "linux-64/xorg-glproto-1.4.17-hb9d3cd8_1003",
    "linux-64/freetype-2.14.1-ha770c72_0",
    "linux-64/xorg-libxrender-0.9.12-hb9d3cd8_0",
    "linux-64/zstd-1.5.7-hb8e6e7a_0",
    "linux-64/libpciaccess-0.18-hd590300_0",
    "linux-64/xorg-libxdamage-1.1.6-hb9d3cd8_0",
    "linux-64/giflib-5.2.2-hd590300_0",
    "linux-64/libgcc-15.2.0-h767d61c_5",
    "linux-64/xorg-libxinerama-1.1.6-hecca717_0",
    "linux-64/cairo-1.18.4-h3394656_0",
    "linux-64/expat-2.7.4-hecca717_0",
    "linux-64/libxml2-devel-2.15.1-h26afc86_0",
    "linux-64/lerc-4.0.0-h0aef613_1",
    "linux-64/libdrm-2.4.125-hb9d3cd8_0",
], url = "https://api.anaconda.org/download/conda-forge/imagemagick/7.1.2_15/linux-64/imagemagick-7.1.2_15-gpl_h24958af_0.conda"}

[[tools.jq]]
version = "1.8.1"
backend = "aqua:jqlang/jq"

[[tools.lazygit]]
version = "0.59.0"
backend = "aqua:jesseduffield/lazygit"

[[tools.ni]]
version = "28.2.0"
backend = "npm:@antfu/ni"

[[tools.node]]
version = "24.14.0"
backend = "core:node"
"platforms.linux-x64" = { checksum = "sha256:dbf5b8665dec15e59e6359a517fefb47b23fdb9152d8def975b9bca3dfc6d355", url = "https://nodejs.org/dist/v24.14.0/node-v24.14.0-linux-x64.tar.gz"}

[[tools.opencode]]
version = "1.2.15"
backend = "aqua:anomalyco/opencode"
"platforms.linux-x64" = { checksum = "sha256:78b01946464e935c9b79261eda4a48f406621b0787a358fe607b6c71305f320e", url = "https://github.com/anomalyco/opencode/releases/download/v1.2.15/opencode-linux-x64.tar.gz"}

[[tools.pnpm]]
version = "10.30.3"
backend = "aqua:pnpm/pnpm"
"platforms.linux-x64" = { checksum = "sha256:5dc971e801610471b5cd6729ba289531be6695bd50d5e833fe22b18896b13a06", url = "https://github.com/pnpm/pnpm/releases/download/v10.30.3/pnpm-linux-x64"}

[[tools.python]]
version = "3.14.3"
backend = "core:python"

[[tools.resvg]]
version = "0.47.0"
backend = "aqua:linebender/resvg"

[[tools.ripgrep]]
version = "15.1.0"
backend = "aqua:BurntSushi/ripgrep"

[[tools.rust]]
version = "1.93.1"
backend = "core:rust"

[[tools.starship]]
version = "1.24.2"
backend = "aqua:starship/starship"

[[tools.tmux]]
version = "3.6a"
backend = "github:tmux/tmux-builds"

[[tools.uv]]
version = "0.10.7"
backend = "aqua:astral-sh/uv"
"platforms.linux-x64" = { checksum = "sha256:992529add6024e67135b1c80617abd2eca7be2cf0b99b3911f923de815bd8dc1", url = "https://github.com/astral-sh/uv/releases/download/0.10.7/uv-x86_64-unknown-linux-musl.tar.gz"}

[[tools.yarn]]
version = "4.12.0"
backend = "vfox:mise-plugins/vfox-yarn"

[[tools.yazi]]
version = "26.1.22"
backend = "aqua:sxyazi/yazi"

[[tools.zig]]
version = "0.15.2"
backend = "core:zig"
"platforms.linux-x64" = { checksum = "blake3:c137e52a362c093079c75ce5aed422cf6e080d8cb167790436d791e2ceea4091"}

[[tools.zoxide]]
version = "0.9.9"
backend = "aqua:ajeetdsouza/zoxide"
